
Microsoft Visual Studio Solution File, Format Version 12.00
# Visual Studio Version 16
VisualStudioVersion = 16.0.32228.343
MinimumVisualStudioVersion = 10.0.40219.1
Project("{2150E333-8FDC-42A3-9474-1A3956D46DE8}") = "Sample", "Sample", "{0BD434FA-6664-42EE-9797-AF7819A547D7}"
EndProject
Project("{FAE04EC0-301F-11D3-BF4B-00C04F79EFBC}") = "ConsoleApp0411", "Sample\ConsoleApp0411\ConsoleApp0411.csproj", "{3E015C17-9572-473A-BD7D-F28C984475A7}"
EndProject
Project("{FAE04EC0-301F-11D3-BF4B-00C04F79EFBC}") = "WindowsFormsApp1", "Sample\WindowsFormsApp1\WindowsFormsApp1.csproj", "{4BCEFD33-5C05-4BE7-A584-371AD67B183C}"
EndProject
Project("{FAE04EC0-301F-11D3-BF4B-00C04F79EFBC}") = "BallApp", "Sample\BallApp\BallApp.csproj", "{6E12030E-606E-4949-BFAC-5A5A1F94E75E}"
EndProject
Project("{2150E333-8FDC-42A3-9474-1A3956D46DE8}") = "Chapter01", "Chapter01", "{0506D917-3438-47B9-8812-5D27B46167E2}"
EndProject
Project("{FAE04EC0-301F-11D3-BF4B-00C04F79EFBC}") = "ProductSample", "Chapter01\Product\ProductSample.csproj", "{C9D29072-F0E2-4C70-82AF-A0BE0087A919}"
EndProject
Project("{2150E333-8FDC-42A3-9474-1A3956D46DE8}") = "Chapter02", "Chapter02", "{C029089F-6B38-4741-B9DE-C0FED3B5A971}"
EndProject
Project("{2150E333-8FDC-42A3-9474-1A3956D46DE8}") = "距離換算プログラム", "距離換算プログラム", "{C5D19C8E-FF4C-498B-821A-27F4880F2AE1}"
EndProject
Project("{FAE04EC0-301F-11D3-BF4B-00C04F79EFBC}") = "DistanceConverter", "Chapter02\距離換算プログラム\DistanceConverter\DistanceConverter.csproj", "{A4FFD16D-46B3-4480-AA8C-E3F31087F81B}"
EndProject
Project("{2150E333-8FDC-42A3-9474-1A3956D46DE8}") = "売上集計プログラム", "売上集計プログラム", "{CA88D1A7-1D73-47D1-B4E6-59876ADB598F}"
EndProject
Project("{FAE04EC0-301F-11D3-BF4B-00C04F79EFBC}") = "SalesCalculator", "Chapter02\売上集計プログラム\SalesCalculator\SalesCalculator.csproj", "{BB8C5A1C-1842-4B0C-B281-36F21940DC7C}"
EndProject
Project("{2150E333-8FDC-42A3-9474-1A3956D46DE8}") = "演習問題", "演習問題", "{7ED553A5-8B51-4CBA-B0D4-8EC55770FD42}"
EndProject
Project("{FAE04EC0-301F-11D3-BF4B-00C04F79EFBC}") = "Exercise01", "Chapter02\演習問題\Exercise01\Exercise01.csproj", "{2B41DBFD-4DAB-4F8B-AC50-D73F0124B2CF}"
EndProject
Project("{FAE04EC0-301F-11D3-BF4B-00C04F79EFBC}") = "Exercise03", "Chapter02\演習問題\Exercise03\Exercise03.csproj", "{5623EFC5-AAB8-4D79-821B-8AB2D0EBBE22}"
EndProject
Project("{FAE04EC0-301F-11D3-BF4B-00C04F79EFBC}") = "Exercise02", "Chapter02\演習問題\Exercise02\Exercise02.csproj", "{21CC0BD3-CB30-43A4-A488-6F85BC5DC56D}"
EndProject
Project("{2150E333-8FDC-42A3-9474-1A3956D46DE8}") = "Chapter03", "Chapter03", "{1B9DC382-60B0-4183-AAA7-03AF221DFD69}"
EndProject
Project("{FAE04EC0-301F-11D3-BF4B-00C04F79EFBC}") = "Section01", "Chapter03\Section01\Section01.csproj", "{67EFDC45-7711-41B5-9978-7361F58CA71D}"
EndProject
Project("{FAE04EC0-301F-11D3-BF4B-00C04F79EFBC}") = "Section03", "Chapter03\Section03\Section03.csproj", "{71ADEA7C-126D-464D-8841-1F6FC1A8895D}"
EndProject
Project("{FAE04EC0-301F-11D3-BF4B-00C04F79EFBC}") = "Section04", "Chapter03\Section04\Section04.csproj", "{A53F59D1-F5BD-41AF-A418-BF77F7979CB9}"
EndProject
Project("{2150E333-8FDC-42A3-9474-1A3956D46DE8}") = "演習問題", "演習問題", "{844D7D14-1911-4247-9371-46CD9E27811E}"
EndProject
Project("{FAE04EC0-301F-11D3-BF4B-00C04F79EFBC}") = "Exercise01", "Chapter03\演習問題\Exercise01\Exercise01.csproj", "{161F4D46-1C96-463B-9D3C-82CBF9CBA75B}"
EndProject
Project("{FAE04EC0-301F-11D3-BF4B-00C04F79EFBC}") = "Exercise02", "Chapter03\演習問題\Exercise02\Exercise02.csproj", "{5C173813-7B43-41FB-98FE-639B4F5258A1}"
EndProject
Project("{2150E333-8FDC-42A3-9474-1A3956D46DE8}") = "Chapter04", "Chapter04", "{9F077045-FF78-47CF-8A31-DA11258E85DF}"
EndProject
Project("{2150E333-8FDC-42A3-9474-1A3956D46DE8}") = "条件演算子・null合体演算子", "条件演算子・null合体演算子", "{349DCB3A-E402-45D8-84DA-86170C420E10}"
EndProject
Project("{FAE04EC0-301F-11D3-BF4B-00C04F79EFBC}") = "Section04", "Chapter04\条件演算子・null合体演算子\Section04\Section04.csproj", "{BCA47B00-3493-461E-B2CF-B2B16170D9BD}"
EndProject
Project("{2150E333-8FDC-42A3-9474-1A3956D46DE8}") = "P126_TryParse", "P126_TryParse", "{837925A4-613A-4CB0-B9D8-1EC3FC88BD4B}"
EndProject
Project("{FAE04EC0-301F-11D3-BF4B-00C04F79EFBC}") = "Section07", "Chapter04\P126_TryParse\Section07\Section07.csproj", "{E67B249E-959C-4B2D-ABAF-214B7A84C46D}"
EndProject
Project("{2150E333-8FDC-42A3-9474-1A3956D46DE8}") = "演習問題", "演習問題", "{4D3BDC59-1E33-4537-9A0C-E53C9C06B271}"
EndProject
Project("{FAE04EC0-301F-11D3-BF4B-00C04F79EFBC}") = "Exercise01", "Chapter04\演習問題\Exercise01\Exercise01.csproj", "{316CDD08-14A2-4A26-AE18-6390797BCDC8}"
EndProject
Project("{FAE04EC0-301F-11D3-BF4B-00C04F79EFBC}") = "Exercise02", "Chapter04\演習問題\Exercise02\Exercise02.csproj", "{B0D5CFF7-91D7-4E4D-B806-B6160D28FBEB}"
EndProject
Project("{2150E333-8FDC-42A3-9474-1A3956D46DE8}") = "Chapter05", "Chapter05", "{EA114E51-809E-4F43-9268-3943781A49FC}"
EndProject
Project("{2150E333-8FDC-42A3-9474-1A3956D46DE8}") = "演習問題", "演習問題", "{A01705E3-9BE8-4BC0-BFA9-DFC72526D9CE}"
EndProject
Project("{FAE04EC0-301F-11D3-BF4B-00C04F79EFBC}") = "Exercise01", "Chapter05\演習問題\Exercise01\Exercise01.csproj", "{8F59B251-1977-430F-A834-1395D45427E3}"
EndProject
Project("{FAE04EC0-301F-11D3-BF4B-00C04F79EFBC}") = "Exercise02", "Chapter05\演習問題\Exercise02\Exercise02.csproj", "{24F162AE-75C9-4844-A708-7AAD46AC2FF9}"
EndProject
Project("{FAE04EC0-301F-11D3-BF4B-00C04F79EFBC}") = "Exercise03", "Chapter05\演習問題\Exercise03\Exercise03.csproj", "{533CF84F-1E62-4602-8B57-831B1887C010}"
EndProject
Project("{FAE04EC0-301F-11D3-BF4B-00C04F79EFBC}") = "Exercise04", "Chapter05\演習問題\Exercise04\Exercise04.csproj", "{3721E7CB-819A-4A2A-848C-55925AE8BF9B}"
EndProject
Project("{2150E333-8FDC-42A3-9474-1A3956D46DE8}") = "Chapter06", "Chapter06", "{3162B188-0CE6-4E10-9E1A-66DDF0E704B2}"
EndProject
Project("{FAE04EC0-301F-11D3-BF4B-00C04F79EFBC}") = "Section01", "Chapter06\Section01\Section01.csproj", "{44C397A6-41EB-4D8E-8E13-38FB0FDE2BFB}"
EndProject
Project("{FAE04EC0-301F-11D3-BF4B-00C04F79EFBC}") = "Section02", "Chapter06\Section02\Section02.csproj", "{0029F036-35F8-4179-B9B3-6CA8C3FDEDA5}"
EndProject
Project("{2150E333-8FDC-42A3-9474-1A3956D46DE8}") = "演習問題", "演習問題", "{2C575115-D6F4-4ADC-8098-3A31A035577F}"
EndProject
Project("{FAE04EC0-301F-11D3-BF4B-00C04F79EFBC}") = "Exercise01", "Chapter06\演習問題\Exercise01\Exercise01.csproj", "{A49103FF-54E0-44B4-A74C-5F664473AACE}"
EndProject
Project("{FAE04EC0-301F-11D3-BF4B-00C04F79EFBC}") = "Exercise02", "Chapter06\演習問題\Exercise02\Exercise02.csproj", "{71955DB8-2564-4B8E-8F3C-4C46D7A6DF92}"
EndProject
Project("{2150E333-8FDC-42A3-9474-1A3956D46DE8}") = "試験01", "試験01", "{340C187B-DFD3-4A1A-9AB8-6CBCEF1E0E7B}"
EndProject
Project("{FAE04EC0-301F-11D3-BF4B-00C04F79EFBC}") = "Test01", "TestProject\Test01\Test01.csproj", "{2BFACDC3-F44D-4199-8498-F5C3C4AC0335}"
EndProject
Project("{FAE04EC0-301F-11D3-BF4B-00C04F79EFBC}") = "Test02", "TestProject\Test02\Test02.csproj", "{E461C0A8-8900-485C-B520-E929BA33F712}"
EndProject
Project("{2150E333-8FDC-42A3-9474-1A3956D46DE8}") = "Chapter07", "Chapter07", "{C99B1638-B47C-4D5F-B0FC-9D8F06AFA88F}"
EndProject
Project("{FAE04EC0-301F-11D3-BF4B-00C04F79EFBC}") = "Section01", "Chapter07\Section01\Section01.csproj", "{335F48DB-039F-483C-BA9D-21D7343BB3ED}"
EndProject
Project("{FAE04EC0-301F-11D3-BF4B-00C04F79EFBC}") = "Section02", "Chapter07\Section02\Section02.csproj", "{9E79FFDA-812C-4A8E-B59F-E971D55E9B64}"
EndProject
Project("{FAE04EC0-301F-11D3-BF4B-00C04F79EFBC}") = "Section03", "Chapter07\Section03\Section03.csproj", "{74CA8757-3B1F-43A6-8FBB-5AA9AB032504}"
EndProject
Project("{2150E333-8FDC-42A3-9474-1A3956D46DE8}") = "演習問題", "演習問題", "{9895224F-1FC2-4802-B349-1C169EAD48AB}"
EndProject
Project("{FAE04EC0-301F-11D3-BF4B-00C04F79EFBC}") = "Exercise01", "Chapter07\演習問題\Exercise01\Exercise01.csproj", "{9EB81D76-071F-457B-A059-4FD19D4164EF}"
EndProject
Project("{FAE04EC0-301F-11D3-BF4B-00C04F79EFBC}") = "Exercise02", "Exercise02\Exercise02.csproj", "{EF27E770-BE87-44E8-B9A1-8E5952AE6CAA}"
EndProject
Project("{2150E333-8FDC-42A3-9474-1A3956D46DE8}") = "Chapter08", "Chapter08", "{F81CA6DF-936A-40D9-BACD-CA201F85A771}"
EndProject
Project("{2150E333-8FDC-42A3-9474-1A3956D46DE8}") = "演習問題", "演習問題", "{737DBE5D-42B1-491B-805A-E01116FB28BC}"
EndProject
Project("{FAE04EC0-301F-11D3-BF4B-00C04F79EFBC}") = "Exercise01", "Chapter08\演習問題\Exercise01\Exercise01.csproj", "{A5900F37-1FF9-40DB-87E8-8D052BF30CAE}"
EndProject
Project("{FAE04EC0-301F-11D3-BF4B-00C04F79EFBC}") = "Exercise02", "Chapter08\演習問題\Exercise02\Exercise02.csproj", "{8BAA2B91-F14D-4DA7-A9D7-3CBA038454E0}"
EndProject
Project("{2150E333-8FDC-42A3-9474-1A3956D46DE8}") = "フォームアプリケーション", "フォームアプリケーション", "{8D6AE3A4-517C-4E5D-A320-60B62606748D}"
EndProject
Project("{FAE04EC0-301F-11D3-BF4B-00C04F79EFBC}") = "CalendarApp", "Chapter08\フォームアプリケーション\CalendarApp\CalendarApp.csproj", "{F5DC095C-136C-4A29-B23D-DA36FD43D04F}"
EndProject
Project("{FAE04EC0-301F-11D3-BF4B-00C04F79EFBC}") = "Exercise03", "Chapter08\演習問題\Exercise03\Exercise03.csproj", "{D614FA80-D264-4E2D-B07B-9515A14F9D1E}"
EndProject
Project("{2150E333-8FDC-42A3-9474-1A3956D46DE8}") = "FormApps", "FormApps", "{4B53BA3D-6DF9-47A7-AE6B-58201C00D3D6}"
EndProject
Project("{FAE04EC0-301F-11D3-BF4B-00C04F79EFBC}") = "CarReportSystem", "FormApps\CarReportSystem\CarReportSystem.csproj", "{85DD3547-923C-4E2A-85B8-17D4150DB492}"
EndProject
Project("{2150E333-8FDC-42A3-9474-1A3956D46DE8}") = "Chapter12", "Chapter12", "{A4468A5A-7C17-4B7C-A09D-833517EDD236}"
EndProject
Project("{2150E333-8FDC-42A3-9474-1A3956D46DE8}") = "演習問題", "演習問題", "{FBBDAB60-B2D8-41A9-8F53-06504B9461AA}"
EndProject
Project("{FAE04EC0-301F-11D3-BF4B-00C04F79EFBC}") = "Exercise01", "Chapter12\Exercise01\Exercise01.csproj", "{E9CB4FF3-B917-4323-A97C-6E2F5EA2AD17}"
EndProject
Project("{FAE04EC0-301F-11D3-BF4B-00C04F79EFBC}") = "Exercise02", "Chapter12\Exercise02\Exercise02.csproj", "{7D810823-D5AE-4F81-A2D4-71BF52D851FE}"
EndProject
Global
	GlobalSection(SolutionConfigurationPlatforms) = preSolution
		Debug|Any CPU = Debug|Any CPU
		Release|Any CPU = Release|Any CPU
	EndGlobalSection
	GlobalSection(ProjectConfigurationPlatforms) = postSolution
		{3E015C17-9572-473A-BD7D-F28C984475A7}.Debug|Any CPU.ActiveCfg = Debug|Any CPU
		{3E015C17-9572-473A-BD7D-F28C984475A7}.Debug|Any CPU.Build.0 = Debug|Any CPU
		{3E015C17-9572-473A-BD7D-F28C984475A7}.Release|Any CPU.ActiveCfg = Release|Any CPU
		{3E015C17-9572-473A-BD7D-F28C984475A7}.Release|Any CPU.Build.0 = Release|Any CPU
		{4BCEFD33-5C05-4BE7-A584-371AD67B183C}.Debug|Any CPU.ActiveCfg = Debug|Any CPU
		{4BCEFD33-5C05-4BE7-A584-371AD67B183C}.Debug|Any CPU.Build.0 = Debug|Any CPU
		{4BCEFD33-5C05-4BE7-A584-371AD67B183C}.Release|Any CPU.ActiveCfg = Release|Any CPU
		{4BCEFD33-5C05-4BE7-A584-371AD67B183C}.Release|Any CPU.Build.0 = Release|Any CPU
		{6E12030E-606E-4949-BFAC-5A5A1F94E75E}.Debug|Any CPU.ActiveCfg = Debug|Any CPU
		{6E12030E-606E-4949-BFAC-5A5A1F94E75E}.Debug|Any CPU.Build.0 = Debug|Any CPU
		{6E12030E-606E-4949-BFAC-5A5A1F94E75E}.Release|Any CPU.ActiveCfg = Release|Any CPU
		{6E12030E-606E-4949-BFAC-5A5A1F94E75E}.Release|Any CPU.Build.0 = Release|Any CPU
		{C9D29072-F0E2-4C70-82AF-A0BE0087A919}.Debug|Any CPU.ActiveCfg = Debug|Any CPU
		{C9D29072-F0E2-4C70-82AF-A0BE0087A919}.Debug|Any CPU.Build.0 = Debug|Any CPU
		{C9D29072-F0E2-4C70-82AF-A0BE0087A919}.Release|Any CPU.ActiveCfg = Release|Any CPU
		{C9D29072-F0E2-4C70-82AF-A0BE0087A919}.Release|Any CPU.Build.0 = Release|Any CPU
		{A4FFD16D-46B3-4480-AA8C-E3F31087F81B}.Debug|Any CPU.ActiveCfg = Debug|Any CPU
		{A4FFD16D-46B3-4480-AA8C-E3F31087F81B}.Debug|Any CPU.Build.0 = Debug|Any CPU
		{A4FFD16D-46B3-4480-AA8C-E3F31087F81B}.Release|Any CPU.ActiveCfg = Release|Any CPU
		{A4FFD16D-46B3-4480-AA8C-E3F31087F81B}.Release|Any CPU.Build.0 = Release|Any CPU
		{BB8C5A1C-1842-4B0C-B281-36F21940DC7C}.Debug|Any CPU.ActiveCfg = Debug|Any CPU
		{BB8C5A1C-1842-4B0C-B281-36F21940DC7C}.Debug|Any CPU.Build.0 = Debug|Any CPU
		{BB8C5A1C-1842-4B0C-B281-36F21940DC7C}.Release|Any CPU.ActiveCfg = Release|Any CPU
		{BB8C5A1C-1842-4B0C-B281-36F21940DC7C}.Release|Any CPU.Build.0 = Release|Any CPU
		{2B41DBFD-4DAB-4F8B-AC50-D73F0124B2CF}.Debug|Any CPU.ActiveCfg = Debug|Any CPU
		{2B41DBFD-4DAB-4F8B-AC50-D73F0124B2CF}.Debug|Any CPU.Build.0 = Debug|Any CPU
		{2B41DBFD-4DAB-4F8B-AC50-D73F0124B2CF}.Release|Any CPU.ActiveCfg = Release|Any CPU
		{2B41DBFD-4DAB-4F8B-AC50-D73F0124B2CF}.Release|Any CPU.Build.0 = Release|Any CPU
		{5623EFC5-AAB8-4D79-821B-8AB2D0EBBE22}.Debug|Any CPU.ActiveCfg = Debug|Any CPU
		{5623EFC5-AAB8-4D79-821B-8AB2D0EBBE22}.Debug|Any CPU.Build.0 = Debug|Any CPU
		{5623EFC5-AAB8-4D79-821B-8AB2D0EBBE22}.Release|Any CPU.ActiveCfg = Release|Any CPU
		{5623EFC5-AAB8-4D79-821B-8AB2D0EBBE22}.Release|Any CPU.Build.0 = Release|Any CPU
		{21CC0BD3-CB30-43A4-A488-6F85BC5DC56D}.Debug|Any CPU.ActiveCfg = Debug|Any CPU
		{21CC0BD3-CB30-43A4-A488-6F85BC5DC56D}.Debug|Any CPU.Build.0 = Debug|Any CPU
		{21CC0BD3-CB30-43A4-A488-6F85BC5DC56D}.Release|Any CPU.ActiveCfg = Release|Any CPU
		{21CC0BD3-CB30-43A4-A488-6F85BC5DC56D}.Release|Any CPU.Build.0 = Release|Any CPU
		{67EFDC45-7711-41B5-9978-7361F58CA71D}.Debug|Any CPU.ActiveCfg = Debug|Any CPU
		{67EFDC45-7711-41B5-9978-7361F58CA71D}.Debug|Any CPU.Build.0 = Debug|Any CPU
		{67EFDC45-7711-41B5-9978-7361F58CA71D}.Release|Any CPU.ActiveCfg = Release|Any CPU
		{67EFDC45-7711-41B5-9978-7361F58CA71D}.Release|Any CPU.Build.0 = Release|Any CPU
		{71ADEA7C-126D-464D-8841-1F6FC1A8895D}.Debug|Any CPU.ActiveCfg = Debug|Any CPU
		{71ADEA7C-126D-464D-8841-1F6FC1A8895D}.Debug|Any CPU.Build.0 = Debug|Any CPU
		{71ADEA7C-126D-464D-8841-1F6FC1A8895D}.Release|Any CPU.ActiveCfg = Release|Any CPU
		{71ADEA7C-126D-464D-8841-1F6FC1A8895D}.Release|Any CPU.Build.0 = Release|Any CPU
		{A53F59D1-F5BD-41AF-A418-BF77F7979CB9}.Debug|Any CPU.ActiveCfg = Debug|Any CPU
		{A53F59D1-F5BD-41AF-A418-BF77F7979CB9}.Debug|Any CPU.Build.0 = Debug|Any CPU
		{A53F59D1-F5BD-41AF-A418-BF77F7979CB9}.Release|Any CPU.ActiveCfg = Release|Any CPU
		{A53F59D1-F5BD-41AF-A418-BF77F7979CB9}.Release|Any CPU.Build.0 = Release|Any CPU
		{161F4D46-1C96-463B-9D3C-82CBF9CBA75B}.Debug|Any CPU.ActiveCfg = Debug|Any CPU
		{161F4D46-1C96-463B-9D3C-82CBF9CBA75B}.Debug|Any CPU.Build.0 = Debug|Any CPU
		{161F4D46-1C96-463B-9D3C-82CBF9CBA75B}.Release|Any CPU.ActiveCfg = Release|Any CPU
		{161F4D46-1C96-463B-9D3C-82CBF9CBA75B}.Release|Any CPU.Build.0 = Release|Any CPU
		{5C173813-7B43-41FB-98FE-639B4F5258A1}.Debug|Any CPU.ActiveCfg = Debug|Any CPU
		{5C173813-7B43-41FB-98FE-639B4F5258A1}.Debug|Any CPU.Build.0 = Debug|Any CPU
		{5C173813-7B43-41FB-98FE-639B4F5258A1}.Release|Any CPU.ActiveCfg = Release|Any CPU
		{5C173813-7B43-41FB-98FE-639B4F5258A1}.Release|Any CPU.Build.0 = Release|Any CPU
		{BCA47B00-3493-461E-B2CF-B2B16170D9BD}.Debug|Any CPU.ActiveCfg = Debug|Any CPU
		{BCA47B00-3493-461E-B2CF-B2B16170D9BD}.Debug|Any CPU.Build.0 = Debug|Any CPU
		{BCA47B00-3493-461E-B2CF-B2B16170D9BD}.Release|Any CPU.ActiveCfg = Release|Any CPU
		{BCA47B00-3493-461E-B2CF-B2B16170D9BD}.Release|Any CPU.Build.0 = Release|Any CPU
		{E67B249E-959C-4B2D-ABAF-214B7A84C46D}.Debug|Any CPU.ActiveCfg = Debug|Any CPU
		{E67B249E-959C-4B2D-ABAF-214B7A84C46D}.Debug|Any CPU.Build.0 = Debug|Any CPU
		{E67B249E-959C-4B2D-ABAF-214B7A84C46D}.Release|Any CPU.ActiveCfg = Release|Any CPU
		{E67B249E-959C-4B2D-ABAF-214B7A84C46D}.Release|Any CPU.Build.0 = Release|Any CPU
		{316CDD08-14A2-4A26-AE18-6390797BCDC8}.Debug|Any CPU.ActiveCfg = Debug|Any CPU
		{316CDD08-14A2-4A26-AE18-6390797BCDC8}.Debug|Any CPU.Build.0 = Debug|Any CPU
		{316CDD08-14A2-4A26-AE18-6390797BCDC8}.Release|Any CPU.ActiveCfg = Release|Any CPU
		{316CDD08-14A2-4A26-AE18-6390797BCDC8}.Release|Any CPU.Build.0 = Release|Any CPU
		{B0D5CFF7-91D7-4E4D-B806-B6160D28FBEB}.Debug|Any CPU.ActiveCfg = Debug|Any CPU
		{B0D5CFF7-91D7-4E4D-B806-B6160D28FBEB}.Debug|Any CPU.Build.0 = Debug|Any CPU
		{B0D5CFF7-91D7-4E4D-B806-B6160D28FBEB}.Release|Any CPU.ActiveCfg = Release|Any CPU
		{B0D5CFF7-91D7-4E4D-B806-B6160D28FBEB}.Release|Any CPU.Build.0 = Release|Any CPU
		{8F59B251-1977-430F-A834-1395D45427E3}.Debug|Any CPU.ActiveCfg = Debug|Any CPU
		{8F59B251-1977-430F-A834-1395D45427E3}.Debug|Any CPU.Build.0 = Debug|Any CPU
		{8F59B251-1977-430F-A834-1395D45427E3}.Release|Any CPU.ActiveCfg = Release|Any CPU
		{8F59B251-1977-430F-A834-1395D45427E3}.Release|Any CPU.Build.0 = Release|Any CPU
		{24F162AE-75C9-4844-A708-7AAD46AC2FF9}.Debug|Any CPU.ActiveCfg = Debug|Any CPU
		{24F162AE-75C9-4844-A708-7AAD46AC2FF9}.Debug|Any CPU.Build.0 = Debug|Any CPU
		{24F162AE-75C9-4844-A708-7AAD46AC2FF9}.Release|Any CPU.ActiveCfg = Release|Any CPU
		{24F162AE-75C9-4844-A708-7AAD46AC2FF9}.Release|Any CPU.Build.0 = Release|Any CPU
		{533CF84F-1E62-4602-8B57-831B1887C010}.Debug|Any CPU.ActiveCfg = Debug|Any CPU
		{533CF84F-1E62-4602-8B57-831B1887C010}.Debug|Any CPU.Build.0 = Debug|Any CPU
		{533CF84F-1E62-4602-8B57-831B1887C010}.Release|Any CPU.ActiveCfg = Release|Any CPU
		{533CF84F-1E62-4602-8B57-831B1887C010}.Release|Any CPU.Build.0 = Release|Any CPU
		{3721E7CB-819A-4A2A-848C-55925AE8BF9B}.Debug|Any CPU.ActiveCfg = Debug|Any CPU
		{3721E7CB-819A-4A2A-848C-55925AE8BF9B}.Debug|Any CPU.Build.0 = Debug|Any CPU
		{3721E7CB-819A-4A2A-848C-55925AE8BF9B}.Release|Any CPU.ActiveCfg = Release|Any CPU
		{3721E7CB-819A-4A2A-848C-55925AE8BF9B}.Release|Any CPU.Build.0 = Release|Any CPU
		{44C397A6-41EB-4D8E-8E13-38FB0FDE2BFB}.Debug|Any CPU.ActiveCfg = Debug|Any CPU
		{44C397A6-41EB-4D8E-8E13-38FB0FDE2BFB}.Debug|Any CPU.Build.0 = Debug|Any CPU
		{44C397A6-41EB-4D8E-8E13-38FB0FDE2BFB}.Release|Any CPU.ActiveCfg = Release|Any CPU
		{44C397A6-41EB-4D8E-8E13-38FB0FDE2BFB}.Release|Any CPU.Build.0 = Release|Any CPU
		{0029F036-35F8-4179-B9B3-6CA8C3FDEDA5}.Debug|Any CPU.ActiveCfg = Debug|Any CPU
		{0029F036-35F8-4179-B9B3-6CA8C3FDEDA5}.Debug|Any CPU.Build.0 = Debug|Any CPU
		{0029F036-35F8-4179-B9B3-6CA8C3FDEDA5}.Release|Any CPU.ActiveCfg = Release|Any CPU
		{0029F036-35F8-4179-B9B3-6CA8C3FDEDA5}.Release|Any CPU.Build.0 = Release|Any CPU
		{A49103FF-54E0-44B4-A74C-5F664473AACE}.Debug|Any CPU.ActiveCfg = Debug|Any CPU
		{A49103FF-54E0-44B4-A74C-5F664473AACE}.Debug|Any CPU.Build.0 = Debug|Any CPU
		{A49103FF-54E0-44B4-A74C-5F664473AACE}.Release|Any CPU.ActiveCfg = Release|Any CPU
		{A49103FF-54E0-44B4-A74C-5F664473AACE}.Release|Any CPU.Build.0 = Release|Any CPU
		{71955DB8-2564-4B8E-8F3C-4C46D7A6DF92}.Debug|Any CPU.ActiveCfg = Debug|Any CPU
		{71955DB8-2564-4B8E-8F3C-4C46D7A6DF92}.Debug|Any CPU.Build.0 = Debug|Any CPU
		{71955DB8-2564-4B8E-8F3C-4C46D7A6DF92}.Release|Any CPU.ActiveCfg = Release|Any CPU
		{71955DB8-2564-4B8E-8F3C-4C46D7A6DF92}.Release|Any CPU.Build.0 = Release|Any CPU
		{2BFACDC3-F44D-4199-8498-F5C3C4AC0335}.Debug|Any CPU.ActiveCfg = Debug|Any CPU
		{2BFACDC3-F44D-4199-8498-F5C3C4AC0335}.Debug|Any CPU.Build.0 = Debug|Any CPU
		{2BFACDC3-F44D-4199-8498-F5C3C4AC0335}.Release|Any CPU.ActiveCfg = Release|Any CPU
		{2BFACDC3-F44D-4199-8498-F5C3C4AC0335}.Release|Any CPU.Build.0 = Release|Any CPU
		{E461C0A8-8900-485C-B520-E929BA33F712}.Debug|Any CPU.ActiveCfg = Debug|Any CPU
		{E461C0A8-8900-485C-B520-E929BA33F712}.Debug|Any CPU.Build.0 = Debug|Any CPU
		{E461C0A8-8900-485C-B520-E929BA33F712}.Release|Any CPU.ActiveCfg = Release|Any CPU
		{E461C0A8-8900-485C-B520-E929BA33F712}.Release|Any CPU.Build.0 = Release|Any CPU
		{335F48DB-039F-483C-BA9D-21D7343BB3ED}.Debug|Any CPU.ActiveCfg = Debug|Any CPU
		{335F48DB-039F-483C-BA9D-21D7343BB3ED}.Debug|Any CPU.Build.0 = Debug|Any CPU
		{335F48DB-039F-483C-BA9D-21D7343BB3ED}.Release|Any CPU.ActiveCfg = Release|Any CPU
		{335F48DB-039F-483C-BA9D-21D7343BB3ED}.Release|Any CPU.Build.0 = Release|Any CPU
		{9E79FFDA-812C-4A8E-B59F-E971D55E9B64}.Debug|Any CPU.ActiveCfg = Debug|Any CPU
		{9E79FFDA-812C-4A8E-B59F-E971D55E9B64}.Debug|Any CPU.Build.0 = Debug|Any CPU
		{9E79FFDA-812C-4A8E-B59F-E971D55E9B64}.Release|Any CPU.ActiveCfg = Release|Any CPU
		{9E79FFDA-812C-4A8E-B59F-E971D55E9B64}.Release|Any CPU.Build.0 = Release|Any CPU
		{74CA8757-3B1F-43A6-8FBB-5AA9AB032504}.Debug|Any CPU.ActiveCfg = Debug|Any CPU
		{74CA8757-3B1F-43A6-8FBB-5AA9AB032504}.Debug|Any CPU.Build.0 = Debug|Any CPU
		{74CA8757-3B1F-43A6-8FBB-5AA9AB032504}.Release|Any CPU.ActiveCfg = Release|Any CPU
		{74CA8757-3B1F-43A6-8FBB-5AA9AB032504}.Release|Any CPU.Build.0 = Release|Any CPU
		{9EB81D76-071F-457B-A059-4FD19D4164EF}.Debug|Any CPU.ActiveCfg = Debug|Any CPU
		{9EB81D76-071F-457B-A059-4FD19D4164EF}.Debug|Any CPU.Build.0 = Debug|Any CPU
		{9EB81D76-071F-457B-A059-4FD19D4164EF}.Release|Any CPU.ActiveCfg = Release|Any CPU
		{9EB81D76-071F-457B-A059-4FD19D4164EF}.Release|Any CPU.Build.0 = Release|Any CPU
		{EF27E770-BE87-44E8-B9A1-8E5952AE6CAA}.Debug|Any CPU.ActiveCfg = Debug|Any CPU
		{EF27E770-BE87-44E8-B9A1-8E5952AE6CAA}.Debug|Any CPU.Build.0 = Debug|Any CPU
		{EF27E770-BE87-44E8-B9A1-8E5952AE6CAA}.Release|Any CPU.ActiveCfg = Release|Any CPU
		{EF27E770-BE87-44E8-B9A1-8E5952AE6CAA}.Release|Any CPU.Build.0 = Release|Any CPU
		{A5900F37-1FF9-40DB-87E8-8D052BF30CAE}.Debug|Any CPU.ActiveCfg = Debug|Any CPU
		{A5900F37-1FF9-40DB-87E8-8D052BF30CAE}.Debug|Any CPU.Build.0 = Debug|Any CPU
		{A5900F37-1FF9-40DB-87E8-8D052BF30CAE}.Release|Any CPU.ActiveCfg = Release|Any CPU
		{A5900F37-1FF9-40DB-87E8-8D052BF30CAE}.Release|Any CPU.Build.0 = Release|Any CPU
		{8BAA2B91-F14D-4DA7-A9D7-3CBA038454E0}.Debug|Any CPU.ActiveCfg = Debug|Any CPU
		{8BAA2B91-F14D-4DA7-A9D7-3CBA038454E0}.Debug|Any CPU.Build.0 = Debug|Any CPU
		{8BAA2B91-F14D-4DA7-A9D7-3CBA038454E0}.Release|Any CPU.ActiveCfg = Release|Any CPU
		{8BAA2B91-F14D-4DA7-A9D7-3CBA038454E0}.Release|Any CPU.Build.0 = Release|Any CPU
		{F5DC095C-136C-4A29-B23D-DA36FD43D04F}.Debug|Any CPU.ActiveCfg = Debug|Any CPU
		{F5DC095C-136C-4A29-B23D-DA36FD43D04F}.Debug|Any CPU.Build.0 = Debug|Any CPU
		{F5DC095C-136C-4A29-B23D-DA36FD43D04F}.Release|Any CPU.ActiveCfg = Release|Any CPU
		{F5DC095C-136C-4A29-B23D-DA36FD43D04F}.Release|Any CPU.Build.0 = Release|Any CPU
		{D614FA80-D264-4E2D-B07B-9515A14F9D1E}.Debug|Any CPU.ActiveCfg = Debug|Any CPU
		{D614FA80-D264-4E2D-B07B-9515A14F9D1E}.Debug|Any CPU.Build.0 = Debug|Any CPU
		{D614FA80-D264-4E2D-B07B-9515A14F9D1E}.Release|Any CPU.ActiveCfg = Release|Any CPU
		{D614FA80-D264-4E2D-B07B-9515A14F9D1E}.Release|Any CPU.Build.0 = Release|Any CPU
		{85DD3547-923C-4E2A-85B8-17D4150DB492}.Debug|Any CPU.ActiveCfg = Debug|Any CPU
		{85DD3547-923C-4E2A-85B8-17D4150DB492}.Debug|Any CPU.Build.0 = Debug|Any CPU
		{85DD3547-923C-4E2A-85B8-17D4150DB492}.Release|Any CPU.ActiveCfg = Release|Any CPU
		{85DD3547-923C-4E2A-85B8-17D4150DB492}.Release|Any CPU.Build.0 = Release|Any CPU
		{E9CB4FF3-B917-4323-A97C-6E2F5EA2AD17}.Debug|Any CPU.ActiveCfg = Debug|Any CPU
		{E9CB4FF3-B917-4323-A97C-6E2F5EA2AD17}.Debug|Any CPU.Build.0 = Debug|Any CPU
		{E9CB4FF3-B917-4323-A97C-6E2F5EA2AD17}.Release|Any CPU.ActiveCfg = Release|Any CPU
		{E9CB4FF3-B917-4323-A97C-6E2F5EA2AD17}.Release|Any CPU.Build.0 = Release|Any CPU
		{7D810823-D5AE-4F81-A2D4-71BF52D851FE}.Debug|Any CPU.ActiveCfg = Debug|Any CPU
		{7D810823-D5AE-4F81-A2D4-71BF52D851FE}.Debug|Any CPU.Build.0 = Debug|Any CPU
		{7D810823-D5AE-4F81-A2D4-71BF52D851FE}.Release|Any CPU.ActiveCfg = Release|Any CPU
		{7D810823-D5AE-4F81-A2D4-71BF52D851FE}.Release|Any CPU.Build.0 = Release|Any CPU
	EndGlobalSection
	GlobalSection(SolutionProperties) = preSolution
		HideSolutionNode = FALSE
	EndGlobalSection
	GlobalSection(NestedProjects) = preSolution
		{3E015C17-9572-473A-BD7D-F28C984475A7} = {0BD434FA-6664-42EE-9797-AF7819A547D7}
		{4BCEFD33-5C05-4BE7-A584-371AD67B183C} = {0BD434FA-6664-42EE-9797-AF7819A547D7}
		{6E12030E-606E-4949-BFAC-5A5A1F94E75E} = {0BD434FA-6664-42EE-9797-AF7819A547D7}
		{C9D29072-F0E2-4C70-82AF-A0BE0087A919} = {0506D917-3438-47B9-8812-5D27B46167E2}
		{C5D19C8E-FF4C-498B-821A-27F4880F2AE1} = {C029089F-6B38-4741-B9DE-C0FED3B5A971}
		{A4FFD16D-46B3-4480-AA8C-E3F31087F81B} = {C5D19C8E-FF4C-498B-821A-27F4880F2AE1}
		{CA88D1A7-1D73-47D1-B4E6-59876ADB598F} = {C029089F-6B38-4741-B9DE-C0FED3B5A971}
		{BB8C5A1C-1842-4B0C-B281-36F21940DC7C} = {CA88D1A7-1D73-47D1-B4E6-59876ADB598F}
		{7ED553A5-8B51-4CBA-B0D4-8EC55770FD42} = {C029089F-6B38-4741-B9DE-C0FED3B5A971}
		{2B41DBFD-4DAB-4F8B-AC50-D73F0124B2CF} = {7ED553A5-8B51-4CBA-B0D4-8EC55770FD42}
		{5623EFC5-AAB8-4D79-821B-8AB2D0EBBE22} = {7ED553A5-8B51-4CBA-B0D4-8EC55770FD42}
		{21CC0BD3-CB30-43A4-A488-6F85BC5DC56D} = {7ED553A5-8B51-4CBA-B0D4-8EC55770FD42}
		{67EFDC45-7711-41B5-9978-7361F58CA71D} = {1B9DC382-60B0-4183-AAA7-03AF221DFD69}
		{71ADEA7C-126D-464D-8841-1F6FC1A8895D} = {1B9DC382-60B0-4183-AAA7-03AF221DFD69}
		{A53F59D1-F5BD-41AF-A418-BF77F7979CB9} = {1B9DC382-60B0-4183-AAA7-03AF221DFD69}
		{844D7D14-1911-4247-9371-46CD9E27811E} = {1B9DC382-60B0-4183-AAA7-03AF221DFD69}
		{161F4D46-1C96-463B-9D3C-82CBF9CBA75B} = {844D7D14-1911-4247-9371-46CD9E27811E}
		{5C173813-7B43-41FB-98FE-639B4F5258A1} = {844D7D14-1911-4247-9371-46CD9E27811E}
		{349DCB3A-E402-45D8-84DA-86170C420E10} = {9F077045-FF78-47CF-8A31-DA11258E85DF}
		{BCA47B00-3493-461E-B2CF-B2B16170D9BD} = {349DCB3A-E402-45D8-84DA-86170C420E10}
		{837925A4-613A-4CB0-B9D8-1EC3FC88BD4B} = {9F077045-FF78-47CF-8A31-DA11258E85DF}
		{E67B249E-959C-4B2D-ABAF-214B7A84C46D} = {837925A4-613A-4CB0-B9D8-1EC3FC88BD4B}
		{4D3BDC59-1E33-4537-9A0C-E53C9C06B271} = {9F077045-FF78-47CF-8A31-DA11258E85DF}
		{316CDD08-14A2-4A26-AE18-6390797BCDC8} = {4D3BDC59-1E33-4537-9A0C-E53C9C06B271}
		{B0D5CFF7-91D7-4E4D-B806-B6160D28FBEB} = {4D3BDC59-1E33-4537-9A0C-E53C9C06B271}
		{A01705E3-9BE8-4BC0-BFA9-DFC72526D9CE} = {EA114E51-809E-4F43-9268-3943781A49FC}
		{8F59B251-1977-430F-A834-1395D45427E3} = {A01705E3-9BE8-4BC0-BFA9-DFC72526D9CE}
		{24F162AE-75C9-4844-A708-7AAD46AC2FF9} = {A01705E3-9BE8-4BC0-BFA9-DFC72526D9CE}
		{533CF84F-1E62-4602-8B57-831B1887C010} = {A01705E3-9BE8-4BC0-BFA9-DFC72526D9CE}
		{3721E7CB-819A-4A2A-848C-55925AE8BF9B} = {A01705E3-9BE8-4BC0-BFA9-DFC72526D9CE}
		{44C397A6-41EB-4D8E-8E13-38FB0FDE2BFB} = {3162B188-0CE6-4E10-9E1A-66DDF0E704B2}
		{0029F036-35F8-4179-B9B3-6CA8C3FDEDA5} = {3162B188-0CE6-4E10-9E1A-66DDF0E704B2}
		{2C575115-D6F4-4ADC-8098-3A31A035577F} = {3162B188-0CE6-4E10-9E1A-66DDF0E704B2}
		{A49103FF-54E0-44B4-A74C-5F664473AACE} = {2C575115-D6F4-4ADC-8098-3A31A035577F}
		{71955DB8-2564-4B8E-8F3C-4C46D7A6DF92} = {2C575115-D6F4-4ADC-8098-3A31A035577F}
		{2BFACDC3-F44D-4199-8498-F5C3C4AC0335} = {340C187B-DFD3-4A1A-9AB8-6CBCEF1E0E7B}
		{E461C0A8-8900-485C-B520-E929BA33F712} = {340C187B-DFD3-4A1A-9AB8-6CBCEF1E0E7B}
		{335F48DB-039F-483C-BA9D-21D7343BB3ED} = {C99B1638-B47C-4D5F-B0FC-9D8F06AFA88F}
		{9E79FFDA-812C-4A8E-B59F-E971D55E9B64} = {C99B1638-B47C-4D5F-B0FC-9D8F06AFA88F}
		{74CA8757-3B1F-43A6-8FBB-5AA9AB032504} = {C99B1638-B47C-4D5F-B0FC-9D8F06AFA88F}
		{9895224F-1FC2-4802-B349-1C169EAD48AB} = {C99B1638-B47C-4D5F-B0FC-9D8F06AFA88F}
		{9EB81D76-071F-457B-A059-4FD19D4164EF} = {9895224F-1FC2-4802-B349-1C169EAD48AB}
		{EF27E770-BE87-44E8-B9A1-8E5952AE6CAA} = {9895224F-1FC2-4802-B349-1C169EAD48AB}
		{737DBE5D-42B1-491B-805A-E01116FB28BC} = {F81CA6DF-936A-40D9-BACD-CA201F85A771}
		{A5900F37-1FF9-40DB-87E8-8D052BF30CAE} = {737DBE5D-42B1-491B-805A-E01116FB28BC}
		{8BAA2B91-F14D-4DA7-A9D7-3CBA038454E0} = {737DBE5D-42B1-491B-805A-E01116FB28BC}
		{8D6AE3A4-517C-4E5D-A320-60B62606748D} = {737DBE5D-42B1-491B-805A-E01116FB28BC}
		{F5DC095C-136C-4A29-B23D-DA36FD43D04F} = {8D6AE3A4-517C-4E5D-A320-60B62606748D}
		{D614FA80-D264-4E2D-B07B-9515A14F9D1E} = {737DBE5D-42B1-491B-805A-E01116FB28BC}
		{85DD3547-923C-4E2A-85B8-17D4150DB492} = {4B53BA3D-6DF9-47A7-AE6B-58201C00D3D6}
		{FBBDAB60-B2D8-41A9-8F53-06504B9461AA} = {A4468A5A-7C17-4B7C-A09D-833517EDD236}
		{E9CB4FF3-B917-4323-A97C-6E2F5EA2AD17} = {FBBDAB60-B2D8-41A9-8F53-06504B9461AA}
		{7D810823-D5AE-4F81-A2D4-71BF52D851FE} = {FBBDAB60-B2D8-41A9-8F53-06504B9461AA}
	EndGlobalSection
	GlobalSection(ExtensibilityGlobals) = postSolution
		SolutionGuid = {F881BFE1-93C7-466A-AFEF-EB3886F7EBA7}
	EndGlobalSection
EndGlobal
