
Microsoft Visual Studio Solution File, Format Version 12.00
# Visual Studio Version 16
VisualStudioVersion = 16.0.32228.343
MinimumVisualStudioVersion = 10.0.40219.1
Project("{2150E333-8FDC-42A3-9474-1A3956D46DE8}") = "Sample", "Sample", "{0BD434FA-6664-42EE-9797-AF7819A547D7}"
EndProject
Project("{FAE04EC0-301F-11D3-BF4B-00C04F79EFBC}") = "ConsoleApp0411", "Sample\ConsoleApp0411\ConsoleApp0411.csproj", "{3E015C17-9572-473A-BD7D-F28C984475A7}"
EndProject
Project("{FAE04EC0-301F-11D3-BF4B-00C04F79EFBC}") = "WindowsFormsApp1", "Sample\WindowsFormsApp1\WindowsFormsApp1.csproj", "{4BCEFD33-5C05-4BE7-A584-371AD67B183C}"
EndProject
Project("{FAE04EC0-301F-11D3-BF4B-00C04F79EFBC}") = "BallApp", "Sample\BallApp\BallApp.csproj", "{6E12030E-606E-4949-BFAC-5A5A1F94E75E}"
EndProject
Project("{2150E333-8FDC-42A3-9474-1A3956D46DE8}") = "Chapter01", "Chapter01", "{0506D917-3438-47B9-8812-5D27B46167E2}"
EndProject
Project("{FAE04EC0-301F-11D3-BF4B-00C04F79EFBC}") = "ProductSample", "Chapter01\Product\ProductSample.csproj", "{C9D29072-F0E2-4C70-82AF-A0BE0087A919}"
EndProject
Project("{2150E333-8FDC-42A3-9474-1A3956D46DE8}") = "Chapter02", "Chapter02", "{C029089F-6B38-4741-B9DE-C0FED3B5A971}"
EndProject
Project("{2150E333-8FDC-42A3-9474-1A3956D46DE8}") = "距離換算プログラム", "距離換算プログラム", "{C5D19C8E-FF4C-498B-821A-27F4880F2AE1}"
EndProject
Project("{FAE04EC0-301F-11D3-BF4B-00C04F79EFBC}") = "DistanceConverter", "Chapter02\距離換算プログラム\DistanceConverter\DistanceConverter.csproj", "{A4FFD16D-46B3-4480-AA8C-E3F31087F81B}"
EndProject
Project("{2150E333-8FDC-42A3-9474-1A3956D46DE8}") = "売上集計プログラム", "売上集計プログラム", "{CA88D1A7-1D73-47D1-B4E6-59876ADB598F}"
EndProject
Project("{FAE04EC0-301F-11D3-BF4B-00C04F79EFBC}") = "SalesCalculator", "Chapter02\売上集計プログラム\SalesCalculator\SalesCalculator.csproj", "{BB8C5A1C-1842-4B0C-B281-36F21940DC7C}"
EndProject
Global
	GlobalSection(SolutionConfigurationPlatforms) = preSolution
		Debug|Any CPU = Debug|Any CPU
		Release|Any CPU = Release|Any CPU
	EndGlobalSection
	GlobalSection(ProjectConfigurationPlatforms) = postSolution
		{3E015C17-9572-473A-BD7D-F28C984475A7}.Debug|Any CPU.ActiveCfg = Debug|Any CPU
		{3E015C17-9572-473A-BD7D-F28C984475A7}.Debug|Any CPU.Build.0 = Debug|Any CPU
		{3E015C17-9572-473A-BD7D-F28C984475A7}.Release|Any CPU.ActiveCfg = Release|Any CPU
		{3E015C17-9572-473A-BD7D-F28C984475A7}.Release|Any CPU.Build.0 = Release|Any CPU
		{4BCEFD33-5C05-4BE7-A584-371AD67B183C}.Debug|Any CPU.ActiveCfg = Debug|Any CPU
		{4BCEFD33-5C05-4BE7-A584-371AD67B183C}.Debug|Any CPU.Build.0 = Debug|Any CPU
		{4BCEFD33-5C05-4BE7-A584-371AD67B183C}.Release|Any CPU.ActiveCfg = Release|Any CPU
		{4BCEFD33-5C05-4BE7-A584-371AD67B183C}.Release|Any CPU.Build.0 = Release|Any CPU
		{6E12030E-606E-4949-BFAC-5A5A1F94E75E}.Debug|Any CPU.ActiveCfg = Debug|Any CPU
		{6E12030E-606E-4949-BFAC-5A5A1F94E75E}.Debug|Any CPU.Build.0 = Debug|Any CPU
		{6E12030E-606E-4949-BFAC-5A5A1F94E75E}.Release|Any CPU.ActiveCfg = Release|Any CPU
		{6E12030E-606E-4949-BFAC-5A5A1F94E75E}.Release|Any CPU.Build.0 = Release|Any CPU
		{C9D29072-F0E2-4C70-82AF-A0BE0087A919}.Debug|Any CPU.ActiveCfg = Debug|Any CPU
		{C9D29072-F0E2-4C70-82AF-A0BE0087A919}.Debug|Any CPU.Build.0 = Debug|Any CPU
		{C9D29072-F0E2-4C70-82AF-A0BE0087A919}.Release|Any CPU.ActiveCfg = Release|Any CPU
		{C9D29072-F0E2-4C70-82AF-A0BE0087A919}.Release|Any CPU.Build.0 = Release|Any CPU
		{A4FFD16D-46B3-4480-AA8C-E3F31087F81B}.Debug|Any CPU.ActiveCfg = Debug|Any CPU
		{A4FFD16D-46B3-4480-AA8C-E3F31087F81B}.Debug|Any CPU.Build.0 = Debug|Any CPU
		{A4FFD16D-46B3-4480-AA8C-E3F31087F81B}.Release|Any CPU.ActiveCfg = Release|Any CPU
		{A4FFD16D-46B3-4480-AA8C-E3F31087F81B}.Release|Any CPU.Build.0 = Release|Any CPU
		{BB8C5A1C-1842-4B0C-B281-36F21940DC7C}.Debug|Any CPU.ActiveCfg = Debug|Any CPU
		{BB8C5A1C-1842-4B0C-B281-36F21940DC7C}.Debug|Any CPU.Build.0 = Debug|Any CPU
		{BB8C5A1C-1842-4B0C-B281-36F21940DC7C}.Release|Any CPU.ActiveCfg = Release|Any CPU
		{BB8C5A1C-1842-4B0C-B281-36F21940DC7C}.Release|Any CPU.Build.0 = Release|Any CPU
	EndGlobalSection
	GlobalSection(SolutionProperties) = preSolution
		HideSolutionNode = FALSE
	EndGlobalSection
	GlobalSection(NestedProjects) = preSolution
		{3E015C17-9572-473A-BD7D-F28C984475A7} = {0BD434FA-6664-42EE-9797-AF7819A547D7}
		{4BCEFD33-5C05-4BE7-A584-371AD67B183C} = {0BD434FA-6664-42EE-9797-AF7819A547D7}
		{6E12030E-606E-4949-BFAC-5A5A1F94E75E} = {0BD434FA-6664-42EE-9797-AF7819A547D7}
		{C9D29072-F0E2-4C70-82AF-A0BE0087A919} = {0506D917-3438-47B9-8812-5D27B46167E2}
		{C5D19C8E-FF4C-498B-821A-27F4880F2AE1} = {C029089F-6B38-4741-B9DE-C0FED3B5A971}
		{A4FFD16D-46B3-4480-AA8C-E3F31087F81B} = {C5D19C8E-FF4C-498B-821A-27F4880F2AE1}
		{CA88D1A7-1D73-47D1-B4E6-59876ADB598F} = {C029089F-6B38-4741-B9DE-C0FED3B5A971}
		{BB8C5A1C-1842-4B0C-B281-36F21940DC7C} = {CA88D1A7-1D73-47D1-B4E6-59876ADB598F}
	EndGlobalSection
	GlobalSection(ExtensibilityGlobals) = postSolution
		SolutionGuid = {F881BFE1-93C7-466A-AFEF-EB3886F7EBA7}
	EndGlobalSection
EndGlobal
